{
  "name": "3dm-gem-analyzer",
  "version": "1.0.0",
  "lockfileVersion": 3,
  "requires": true,
  "packages": {
    "": {
      "name": "3dm-gem-analyzer",
      "version": "1.0.0",
      "dependencies": {
        "es-module-shims": "^1.8.2",
        "rhino3dm": "^8.4.0",
        "three": "^0.158.0"
      }
    },
    "node_modules/es-module-shims": {
      "version": "1.10.1",
      "resolved": "https://registry.npmjs.org/es-module-shims/-/es-module-shims-1.10.1.tgz",
      "integrity": "sha512-HSSkRLkqFEyX6GrCAHrSOR5iz/QzQJRqZUF7bFJOZ4aoSw0WoSggfsTIGN2yFbF8v6xjQFhT4HGP6b+0qQZmEQ==",
      "license": "MIT"
    },
    "node_modules/rhino3dm": {
      "version": "8.9.0",
      "resolved": "https://registry.npmjs.org/rhino3dm/-/rhino3dm-8.9.0.tgz",
      "integrity": "sha512-Lvb6kqxTKkBMY9QTbHxsDhlsWgtDv6VUAlaQDMMAAysFXwesrgDbdZ0v9vux8XN0onPAohoioy3aPlJMmCR+dw==",
      "license": "MIT"
    },
    "node_modules/three": {
      "version": "0.158.0",
      "resolved": "https://registry.npmjs.org/three/-/three-0.158.0.tgz",
      "integrity": "sha512-TALj4EOpdDPF1henk2Q+s17K61uEAAWQ7TJB68nr7FKxqwyDr3msOt5IWdbGm4TaWKjrtWS8DJJWe9JnvsWOhQ==",
      "license": "MIT"
    }
  }
}
